
Microsoft Visual Studio Solution File, Format Version 12.00
# Visual Studio Version 16
VisualStudioVersion = 16.0.31402.337
MinimumVisualStudioVersion = 10.0.40219.1
Project("{FAE04EC0-301F-11D3-BF4B-00C04F79EFBC}") = "Business", "Business\Business.csproj", "{38AABB35-1C6F-49AD-84F7-B7C9834F4CB9}"
EndProject
Project("{FAE04EC0-301F-11D3-BF4B-00C04F79EFBC}") = "Core", "Core\Core.csproj", "{7A6E2607-C626-49A7-AC12-7BD8CBBB889F}"
EndProject
Project("{FAE04EC0-301F-11D3-BF4B-00C04F79EFBC}") = "DataAccess", "DataAccess\DataAccess.csproj", "{178328E0-AF5D-4D5D-B719-504FE48AFAE4}"
EndProject
Project("{FAE04EC0-301F-11D3-BF4B-00C04F79EFBC}") = "Entities", "Entities\Entities.csproj", "{F537F6E4-F0F7-4B10-92D1-96208C1B9FD2}"
EndProject
Project("{FAE04EC0-301F-11D3-BF4B-00C04F79EFBC}") = "PhotoBoom.Web", "PhotoBoom.Web\PhotoBoom.Web.csproj", "{3FA0C6BA-C7A0-49F6-8E96-7F024A4ABA3B}"
EndProject
Global
	GlobalSection(SolutionConfigurationPlatforms) = preSolution
		Debug|Any CPU = Debug|Any CPU
		Release|Any CPU = Release|Any CPU
	EndGlobalSection
	GlobalSection(ProjectConfigurationPlatforms) = postSolution
		{38AABB35-1C6F-49AD-84F7-B7C9834F4CB9}.Debug|Any CPU.ActiveCfg = Debug|Any CPU
		{38AABB35-1C6F-49AD-84F7-B7C9834F4CB9}.Debug|Any CPU.Build.0 = Debug|Any CPU
		{38AABB35-1C6F-49AD-84F7-B7C9834F4CB9}.Release|Any CPU.ActiveCfg = Release|Any CPU
		{38AABB35-1C6F-49AD-84F7-B7C9834F4CB9}.Release|Any CPU.Build.0 = Release|Any CPU
		{7A6E2607-C626-49A7-AC12-7BD8CBBB889F}.Debug|Any CPU.ActiveCfg = Debug|Any CPU
		{7A6E2607-C626-49A7-AC12-7BD8CBBB889F}.Debug|Any CPU.Build.0 = Debug|Any CPU
		{7A6E2607-C626-49A7-AC12-7BD8CBBB889F}.Release|Any CPU.ActiveCfg = Release|Any CPU
		{7A6E2607-C626-49A7-AC12-7BD8CBBB889F}.Release|Any CPU.Build.0 = Release|Any CPU
		{178328E0-AF5D-4D5D-B719-504FE48AFAE4}.Debug|Any CPU.ActiveCfg = Debug|Any CPU
		{178328E0-AF5D-4D5D-B719-504FE48AFAE4}.Debug|Any CPU.Build.0 = Debug|Any CPU
		{178328E0-AF5D-4D5D-B719-504FE48AFAE4}.Release|Any CPU.ActiveCfg = Release|Any CPU
		{178328E0-AF5D-4D5D-B719-504FE48AFAE4}.Release|Any CPU.Build.0 = Release|Any CPU
		{F537F6E4-F0F7-4B10-92D1-96208C1B9FD2}.Debug|Any CPU.ActiveCfg = Debug|Any CPU
		{F537F6E4-F0F7-4B10-92D1-96208C1B9FD2}.Debug|Any CPU.Build.0 = Debug|Any CPU
		{F537F6E4-F0F7-4B10-92D1-96208C1B9FD2}.Release|Any CPU.ActiveCfg = Release|Any CPU
		{F537F6E4-F0F7-4B10-92D1-96208C1B9FD2}.Release|Any CPU.Build.0 = Release|Any CPU
		{3FA0C6BA-C7A0-49F6-8E96-7F024A4ABA3B}.Debug|Any CPU.ActiveCfg = Debug|Any CPU
		{3FA0C6BA-C7A0-49F6-8E96-7F024A4ABA3B}.Debug|Any CPU.Build.0 = Debug|Any CPU
		{3FA0C6BA-C7A0-49F6-8E96-7F024A4ABA3B}.Release|Any CPU.ActiveCfg = Release|Any CPU
		{3FA0C6BA-C7A0-49F6-8E96-7F024A4ABA3B}.Release|Any CPU.Build.0 = Release|Any CPU
	EndGlobalSection
	GlobalSection(SolutionProperties) = preSolution
		HideSolutionNode = FALSE
	EndGlobalSection
	GlobalSection(ExtensibilityGlobals) = postSolution
		SolutionGuid = {AAC4D7B7-EA87-4B2C-B9B1-EDED84BB72B5}
	EndGlobalSection
EndGlobal
